
Microsoft Visual Studio Solution File, Format Version 12.00
# Visual Studio Version 16
VisualStudioVersion = 16.0.30503.244
MinimumVisualStudioVersion = 10.0.40219.1
Project("{FAE04EC0-301F-11D3-BF4B-00C04F79EFBC}") = "ToyTrendz", "ToyTrendz.csproj", "{3BA42FEF-37DB-4768-92B6-6C98736AEE50}"
EndProject
Global
	GlobalSection(SolutionConfigurationPlatforms) = preSolution
		Debug|Any CPU = Debug|Any CPU
		Release|Any CPU = Release|Any CPU
	EndGlobalSection
	GlobalSection(ProjectConfigurationPlatforms) = postSolution
		{3BA42FEF-37DB-4768-92B6-6C98736AEE50}.Debug|Any CPU.ActiveCfg = Debug|Any CPU
		{3BA42FEF-37DB-4768-92B6-6C98736AEE50}.Debug|Any CPU.Build.0 = Debug|Any CPU
		{3BA42FEF-37DB-4768-92B6-6C98736AEE50}.Release|Any CPU.ActiveCfg = Release|Any CPU
		{3BA42FEF-37DB-4768-92B6-6C98736AEE50}.Release|Any CPU.Build.0 = Release|Any CPU
	EndGlobalSection
	GlobalSection(SolutionProperties) = preSolution
		HideSolutionNode = FALSE
	EndGlobalSection
	GlobalSection(ExtensibilityGlobals) = postSolution
		SolutionGuid = {E928E716-7CD0-4EC3-A21C-EF7FB3B85F5B}
	EndGlobalSection
EndGlobal
